// !$*UTF8*$!
{
	archiveVersion = 1;
	classes = {
	};
	objectVersion = 46;
	objects = {

/* Begin PBXBuildFile section */
		1267FAE31D70AE6A00DA9BD8 /* AppDelegate.swift in Sources */ = {isa = PBXBuildFile; fileRef = 1267FAE21D70AE6A00DA9BD8 /* AppDelegate.swift */; };
		1267FAE51D70AE6A00DA9BD8 /* ViewController.swift in Sources */ = {isa = PBXBuildFile; fileRef = 1267FAE41D70AE6A00DA9BD8 /* ViewController.swift */; };
		1267FAE81D70AE6A00DA9BD8 /* Main.storyboard in Resources */ = {isa = PBXBuildFile; fileRef = 1267FAE61D70AE6A00DA9BD8 /* Main.storyboard */; };
		1267FAEA1D70AE6A00DA9BD8 /* Assets.xcassets in Resources */ = {isa = PBXBuildFile; fileRef = 1267FAE91D70AE6A00DA9BD8 /* Assets.xcassets */; };
		1267FAED1D70AE6A00DA9BD8 /* LaunchScreen.storyboard in Resources */ = {isa = PBXBuildFile; fileRef = 1267FAEB1D70AE6A00DA9BD8 /* LaunchScreen.storyboard */; };
		1267FAF81D70AE6B00DA9BD8 /* Wordpress_photo_awardsTests.swift in Sources */ = {isa = PBXBuildFile; fileRef = 1267FAF71D70AE6B00DA9BD8 /* Wordpress_photo_awardsTests.swift */; };
		1267FB031D70AE6B00DA9BD8 /* Wordpress_photo_awardsUITests.swift in Sources */ = {isa = PBXBuildFile; fileRef = 1267FB021D70AE6B00DA9BD8 /* Wordpress_photo_awardsUITests.swift */; };
		1267FB111D70B04B00DA9BD8 /* Model.swift in Sources */ = {isa = PBXBuildFile; fileRef = 1267FB101D70B04A00DA9BD8 /* Model.swift */; };
		1267FB131D70B0DC00DA9BD8 /* Item.swift in Sources */ = {isa = PBXBuildFile; fileRef = 1267FB121D70B0DC00DA9BD8 /* Item.swift */; };
		1267FB1A1D70B72500DA9BD8 /* MainViewController.swift in Sources */ = {isa = PBXBuildFile; fileRef = 1267FB181D70B72500DA9BD8 /* MainViewController.swift */; };
		1267FB1B1D70B72500DA9BD8 /* MainViewController.xib in Resources */ = {isa = PBXBuildFile; fileRef = 1267FB191D70B72500DA9BD8 /* MainViewController.xib */; };
		5681AF961FFBA121967F82BB /* Pods_Wordpress_photo_awardsUITests.framework in Frameworks */ = {isa = PBXBuildFile; fileRef = 9951833E83F71E5977CF559A /* Pods_Wordpress_photo_awardsUITests.framework */; };
		76D4811C7AAC26CE9E58FC71 /* Pods_Wordpress_photo_awards.framework in Frameworks */ = {isa = PBXBuildFile; fileRef = CD332EA2C9593859FD1C78A0 /* Pods_Wordpress_photo_awards.framework */; };
		D9E735D31D78A9720018C1A9 /* PhotoTableViewCell.swift in Sources */ = {isa = PBXBuildFile; fileRef = D9E735D11D78A9720018C1A9 /* PhotoTableViewCell.swift */; };
		D9E735D41D78A9720018C1A9 /* PhotoTableViewCell.xib in Resources */ = {isa = PBXBuildFile; fileRef = D9E735D21D78A9720018C1A9 /* PhotoTableViewCell.xib */; };
		D9E735D61D78A9B20018C1A9 /* PhotoTableViewHeader.xib in Resources */ = {isa = PBXBuildFile; fileRef = D9E735D51D78A9B20018C1A9 /* PhotoTableViewHeader.xib */; };
		EEA5AF60095FF59D79C91304 /* Pods_Wordpress_photo_awardsTests.framework in Frameworks */ = {isa = PBXBuildFile; fileRef = 55CD29B9332C93EE11CB3AD8 /* Pods_Wordpress_photo_awardsTests.framework */; };
/* End PBXBuildFile section */

/* Begin PBXContainerItemProxy section */
		1267FAF41D70AE6B00DA9BD8 /* PBXContainerItemProxy */ = {
			isa = PBXContainerItemProxy;
			containerPortal = 1267FAD71D70AE6A00DA9BD8 /* Project object */;
			proxyType = 1;
			remoteGlobalIDString = 1267FADE1D70AE6A00DA9BD8;
			remoteInfo = "Wordpress photo awards";
		};
		1267FAFF1D70AE6B00DA9BD8 /* PBXContainerItemProxy */ = {
			isa = PBXContainerItemProxy;
			containerPortal = 1267FAD71D70AE6A00DA9BD8 /* Project object */;
			proxyType = 1;
			remoteGlobalIDString = 1267FADE1D70AE6A00DA9BD8;
			remoteInfo = "Wordpress photo awards";
		};
/* End PBXContainerItemProxy section */

/* Begin PBXFileReference section */
		1267FADF1D70AE6A00DA9BD8 /* Wordpress photo awards.app */ = {isa = PBXFileReference; explicitFileType = wrapper.application; includeInIndex = 0; path = "Wordpress photo awards.app"; sourceTree = BUILT_PRODUCTS_DIR; };
		1267FAE21D70AE6A00DA9BD8 /* AppDelegate.swift */ = {isa = PBXFileReference; lastKnownFileType = sourcecode.swift; path = AppDelegate.swift; sourceTree = "<group>"; };
		1267FAE41D70AE6A00DA9BD8 /* ViewController.swift */ = {isa = PBXFileReference; lastKnownFileType = sourcecode.swift; path = ViewController.swift; sourceTree = "<group>"; };
		1267FAE71D70AE6A00DA9BD8 /* Base */ = {isa = PBXFileReference; lastKnownFileType = file.storyboard; name = Base; path = Base.lproj/Main.storyboard; sourceTree = "<group>"; };
		1267FAE91D70AE6A00DA9BD8 /* Assets.xcassets */ = {isa = PBXFileReference; lastKnownFileType = folder.assetcatalog; path = Assets.xcassets; sourceTree = "<group>"; };
		1267FAEC1D70AE6A00DA9BD8 /* Base */ = {isa = PBXFileReference; lastKnownFileType = file.storyboard; name = Base; path = Base.lproj/LaunchScreen.storyboard; sourceTree = "<group>"; };
		1267FAEE1D70AE6A00DA9BD8 /* Info.plist */ = {isa = PBXFileReference; lastKnownFileType = text.plist.xml; path = Info.plist; sourceTree = "<group>"; };
		1267FAF31D70AE6B00DA9BD8 /* Wordpress photo awardsTests.xctest */ = {isa = PBXFileReference; explicitFileType = wrapper.cfbundle; includeInIndex = 0; path = "Wordpress photo awardsTests.xctest"; sourceTree = BUILT_PRODUCTS_DIR; };
		1267FAF71D70AE6B00DA9BD8 /* Wordpress_photo_awardsTests.swift */ = {isa = PBXFileReference; lastKnownFileType = sourcecode.swift; path = Wordpress_photo_awardsTests.swift; sourceTree = "<group>"; };
		1267FAF91D70AE6B00DA9BD8 /* Info.plist */ = {isa = PBXFileReference; lastKnownFileType = text.plist.xml; path = Info.plist; sourceTree = "<group>"; };
		1267FAFE1D70AE6B00DA9BD8 /* Wordpress photo awardsUITests.xctest */ = {isa = PBXFileReference; explicitFileType = wrapper.cfbundle; includeInIndex = 0; path = "Wordpress photo awardsUITests.xctest"; sourceTree = BUILT_PRODUCTS_DIR; };
		1267FB021D70AE6B00DA9BD8 /* Wordpress_photo_awardsUITests.swift */ = {isa = PBXFileReference; lastKnownFileType = sourcecode.swift; path = Wordpress_photo_awardsUITests.swift; sourceTree = "<group>"; };
		1267FB041D70AE6B00DA9BD8 /* Info.plist */ = {isa = PBXFileReference; lastKnownFileType = text.plist.xml; path = Info.plist; sourceTree = "<group>"; };
		1267FB101D70B04A00DA9BD8 /* Model.swift */ = {isa = PBXFileReference; fileEncoding = 4; lastKnownFileType = sourcecode.swift; path = Model.swift; sourceTree = "<group>"; };
		1267FB121D70B0DC00DA9BD8 /* Item.swift */ = {isa = PBXFileReference; fileEncoding = 4; lastKnownFileType = sourcecode.swift; path = Item.swift; sourceTree = "<group>"; };
		1267FB181D70B72500DA9BD8 /* MainViewController.swift */ = {isa = PBXFileReference; fileEncoding = 4; lastKnownFileType = sourcecode.swift; path = MainViewController.swift; sourceTree = "<group>"; };
		1267FB191D70B72500DA9BD8 /* MainViewController.xib */ = {isa = PBXFileReference; fileEncoding = 4; lastKnownFileType = file.xib; path = MainViewController.xib; sourceTree = "<group>"; };
		1E2E8FC6059432C5021E5367 /* Pods-Wordpress photo awardsUITests.release.xcconfig */ = {isa = PBXFileReference; includeInIndex = 1; lastKnownFileType = text.xcconfig; name = "Pods-Wordpress photo awardsUITests.release.xcconfig"; path = "Pods/Target Support Files/Pods-Wordpress photo awardsUITests/Pods-Wordpress photo awardsUITests.release.xcconfig"; sourceTree = "<group>"; };
		55CD29B9332C93EE11CB3AD8 /* Pods_Wordpress_photo_awardsTests.framework */ = {isa = PBXFileReference; explicitFileType = wrapper.framework; includeInIndex = 0; path = Pods_Wordpress_photo_awardsTests.framework; sourceTree = BUILT_PRODUCTS_DIR; };
		9951833E83F71E5977CF559A /* Pods_Wordpress_photo_awardsUITests.framework */ = {isa = PBXFileReference; explicitFileType = wrapper.framework; includeInIndex = 0; path = Pods_Wordpress_photo_awardsUITests.framework; sourceTree = BUILT_PRODUCTS_DIR; };
		9B95E10303127169B6A948AE /* Pods-Wordpress photo awards.release.xcconfig */ = {isa = PBXFileReference; includeInIndex = 1; lastKnownFileType = text.xcconfig; name = "Pods-Wordpress photo awards.release.xcconfig"; path = "Pods/Target Support Files/Pods-Wordpress photo awards/Pods-Wordpress photo awards.release.xcconfig"; sourceTree = "<group>"; };
		9DAF697B3885E57F5D6E979F /* Pods-Wordpress photo awardsTests.debug.xcconfig */ = {isa = PBXFileReference; includeInIndex = 1; lastKnownFileType = text.xcconfig; name = "Pods-Wordpress photo awardsTests.debug.xcconfig"; path = "Pods/Target Support Files/Pods-Wordpress photo awardsTests/Pods-Wordpress photo awardsTests.debug.xcconfig"; sourceTree = "<group>"; };
		B535DA1298BE77779BF4A200 /* Pods-Wordpress photo awardsUITests.debug.xcconfig */ = {isa = PBXFileReference; includeInIndex = 1; lastKnownFileType = text.xcconfig; name = "Pods-Wordpress photo awardsUITests.debug.xcconfig"; path = "Pods/Target Support Files/Pods-Wordpress photo awardsUITests/Pods-Wordpress photo awardsUITests.debug.xcconfig"; sourceTree = "<group>"; };
		CD332EA2C9593859FD1C78A0 /* Pods_Wordpress_photo_awards.framework */ = {isa = PBXFileReference; explicitFileType = wrapper.framework; includeInIndex = 0; path = Pods_Wordpress_photo_awards.framework; sourceTree = BUILT_PRODUCTS_DIR; };
		D9E735D11D78A9720018C1A9 /* PhotoTableViewCell.swift */ = {isa = PBXFileReference; fileEncoding = 4; lastKnownFileType = sourcecode.swift; path = PhotoTableViewCell.swift; sourceTree = "<group>"; };
		D9E735D21D78A9720018C1A9 /* PhotoTableViewCell.xib */ = {isa = PBXFileReference; fileEncoding = 4; lastKnownFileType = file.xib; path = PhotoTableViewCell.xib; sourceTree = "<group>"; };
		D9E735D51D78A9B20018C1A9 /* PhotoTableViewHeader.xib */ = {isa = PBXFileReference; fileEncoding = 4; lastKnownFileType = file.xib; path = PhotoTableViewHeader.xib; sourceTree = "<group>"; };
		DA6EA835F9C899AEE4ACD4C8 /* Pods-Wordpress photo awardsTests.release.xcconfig */ = {isa = PBXFileReference; includeInIndex = 1; lastKnownFileType = text.xcconfig; name = "Pods-Wordpress photo awardsTests.release.xcconfig"; path = "Pods/Target Support Files/Pods-Wordpress photo awardsTests/Pods-Wordpress photo awardsTests.release.xcconfig"; sourceTree = "<group>"; };
		E951EECA19C2D06B9C7A10C8 /* Pods-Wordpress photo awards.debug.xcconfig */ = {isa = PBXFileReference; includeInIndex = 1; lastKnownFileType = text.xcconfig; name = "Pods-Wordpress photo awards.debug.xcconfig"; path = "Pods/Target Support Files/Pods-Wordpress photo awards/Pods-Wordpress photo awards.debug.xcconfig"; sourceTree = "<group>"; };
/* End PBXFileReference section */

/* Begin PBXFrameworksBuildPhase section */
		1267FADC1D70AE6A00DA9BD8 /* Frameworks */ = {
			isa = PBXFrameworksBuildPhase;
			buildActionMask = 2147483647;
			files = (
				76D4811C7AAC26CE9E58FC71 /* Pods_Wordpress_photo_awards.framework in Frameworks */,
			);
			runOnlyForDeploymentPostprocessing = 0;
		};
		1267FAF01D70AE6B00DA9BD8 /* Frameworks */ = {
			isa = PBXFrameworksBuildPhase;
			buildActionMask = 2147483647;
			files = (
				EEA5AF60095FF59D79C91304 /* Pods_Wordpress_photo_awardsTests.framework in Frameworks */,
			);
			runOnlyForDeploymentPostprocessing = 0;
		};
		1267FAFB1D70AE6B00DA9BD8 /* Frameworks */ = {
			isa = PBXFrameworksBuildPhase;
			buildActionMask = 2147483647;
			files = (
				5681AF961FFBA121967F82BB /* Pods_Wordpress_photo_awardsUITests.framework in Frameworks */,
			);
			runOnlyForDeploymentPostprocessing = 0;
		};
/* End PBXFrameworksBuildPhase section */

/* Begin PBXGroup section */
		1267FAD61D70AE6A00DA9BD8 = {
			isa = PBXGroup;
			children = (
				1267FAE11D70AE6A00DA9BD8 /* Wordpress photo awards */,
				1267FAF61D70AE6B00DA9BD8 /* Wordpress photo awardsTests */,
				1267FB011D70AE6B00DA9BD8 /* Wordpress photo awardsUITests */,
				1267FAE01D70AE6A00DA9BD8 /* Products */,
				A640E5CB96365E7725C845FE /* Pods */,
				DD8683B779226094EC81755E /* Frameworks */,
			);
			sourceTree = "<group>";
		};
		1267FAE01D70AE6A00DA9BD8 /* Products */ = {
			isa = PBXGroup;
			children = (
				1267FADF1D70AE6A00DA9BD8 /* Wordpress photo awards.app */,
				1267FAF31D70AE6B00DA9BD8 /* Wordpress photo awardsTests.xctest */,
				1267FAFE1D70AE6B00DA9BD8 /* Wordpress photo awardsUITests.xctest */,
			);
			name = Products;
			sourceTree = "<group>";
		};
		1267FAE11D70AE6A00DA9BD8 /* Wordpress photo awards */ = {
			isa = PBXGroup;
			children = (
				1267FAE21D70AE6A00DA9BD8 /* AppDelegate.swift */,
				1267FAE41D70AE6A00DA9BD8 /* ViewController.swift */,
				1267FAE61D70AE6A00DA9BD8 /* Main.storyboard */,
				1267FAE91D70AE6A00DA9BD8 /* Assets.xcassets */,
				1267FAEB1D70AE6A00DA9BD8 /* LaunchScreen.storyboard */,
				1267FAEE1D70AE6A00DA9BD8 /* Info.plist */,
				1267FB151D70B6E700DA9BD8 /* Controllers */,
				1267FB141D70B6D900DA9BD8 /* Model */,
			);
			path = "Wordpress photo awards";
			sourceTree = "<group>";
		};
		1267FAF61D70AE6B00DA9BD8 /* Wordpress photo awardsTests */ = {
			isa = PBXGroup;
			children = (
				1267FAF71D70AE6B00DA9BD8 /* Wordpress_photo_awardsTests.swift */,
				1267FAF91D70AE6B00DA9BD8 /* Info.plist */,
			);
			path = "Wordpress photo awardsTests";
			sourceTree = "<group>";
		};
		1267FB011D70AE6B00DA9BD8 /* Wordpress photo awardsUITests */ = {
			isa = PBXGroup;
			children = (
				1267FB021D70AE6B00DA9BD8 /* Wordpress_photo_awardsUITests.swift */,
				1267FB041D70AE6B00DA9BD8 /* Info.plist */,
			);
			path = "Wordpress photo awardsUITests";
			sourceTree = "<group>";
		};
		1267FB141D70B6D900DA9BD8 /* Model */ = {
			isa = PBXGroup;
			children = (
				1267FB101D70B04A00DA9BD8 /* Model.swift */,
				1267FB121D70B0DC00DA9BD8 /* Item.swift */,
			);
			name = Model;
			sourceTree = "<group>";
		};
		1267FB151D70B6E700DA9BD8 /* Controllers */ = {
			isa = PBXGroup;
			children = (
				1267FB181D70B72500DA9BD8 /* MainViewController.swift */,
				1267FB191D70B72500DA9BD8 /* MainViewController.xib */,
				D9E735D11D78A9720018C1A9 /* PhotoTableViewCell.swift */,
				D9E735D21D78A9720018C1A9 /* PhotoTableViewCell.xib */,
				D9E735D51D78A9B20018C1A9 /* PhotoTableViewHeader.xib */,
			);
			name = Controllers;
			sourceTree = "<group>";
		};
		A640E5CB96365E7725C845FE /* Pods */ = {
			isa = PBXGroup;
			children = (
				E951EECA19C2D06B9C7A10C8 /* Pods-Wordpress photo awards.debug.xcconfig */,
				9B95E10303127169B6A948AE /* Pods-Wordpress photo awards.release.xcconfig */,
				9DAF697B3885E57F5D6E979F /* Pods-Wordpress photo awardsTests.debug.xcconfig */,
				DA6EA835F9C899AEE4ACD4C8 /* Pods-Wordpress photo awardsTests.release.xcconfig */,
				B535DA1298BE77779BF4A200 /* Pods-Wordpress photo awardsUITests.debug.xcconfig */,
				1E2E8FC6059432C5021E5367 /* Pods-Wordpress photo awardsUITests.release.xcconfig */,
			);
			name = Pods;
			sourceTree = "<group>";
		};
		DD8683B779226094EC81755E /* Frameworks */ = {
			isa = PBXGroup;
			children = (
				CD332EA2C9593859FD1C78A0 /* Pods_Wordpress_photo_awards.framework */,
				55CD29B9332C93EE11CB3AD8 /* Pods_Wordpress_photo_awardsTests.framework */,
				9951833E83F71E5977CF559A /* Pods_Wordpress_photo_awardsUITests.framework */,
			);
			name = Frameworks;
			sourceTree = "<group>";
		};
/* End PBXGroup section */

/* Begin PBXNativeTarget section */
		1267FADE1D70AE6A00DA9BD8 /* Wordpress photo awards */ = {
			isa = PBXNativeTarget;
			buildConfigurationList = 1267FB071D70AE6B00DA9BD8 /* Build configuration list for PBXNativeTarget "Wordpress photo awards" */;
			buildPhases = (
				BAFB7993384F6ACDBDCEBA93 /* [CP] Check Pods Manifest.lock */,
				1267FADB1D70AE6A00DA9BD8 /* Sources */,
				1267FADC1D70AE6A00DA9BD8 /* Frameworks */,
				1267FADD1D70AE6A00DA9BD8 /* Resources */,
				34DA0661F1E82C8A24C45860 /* [CP] Embed Pods Frameworks */,
				CF55A736A1899E1922B50ED4 /* [CP] Copy Pods Resources */,
			);
			buildRules = (
			);
			dependencies = (
			);
			name = "Wordpress photo awards";
			productName = "Wordpress photo awards";
			productReference = 1267FADF1D70AE6A00DA9BD8 /* Wordpress photo awards.app */;
			productType = "com.apple.product-type.application";
		};
		1267FAF21D70AE6B00DA9BD8 /* Wordpress photo awardsTests */ = {
			isa = PBXNativeTarget;
			buildConfigurationList = 1267FB0A1D70AE6B00DA9BD8 /* Build configuration list for PBXNativeTarget "Wordpress photo awardsTests" */;
			buildPhases = (
				19C5FBF1FD2036968456A4C9 /* [CP] Check Pods Manifest.lock */,
				1267FAEF1D70AE6B00DA9BD8 /* Sources */,
				1267FAF01D70AE6B00DA9BD8 /* Frameworks */,
				1267FAF11D70AE6B00DA9BD8 /* Resources */,
				E59B1F1E3BC67F6B2A05ABBB /* [CP] Embed Pods Frameworks */,
				DA7437E77CF74008D372A5EB /* [CP] Copy Pods Resources */,
			);
			buildRules = (
			);
			dependencies = (
				1267FAF51D70AE6B00DA9BD8 /* PBXTargetDependency */,
			);
			name = "Wordpress photo awardsTests";
			productName = "Wordpress photo awardsTests";
			productReference = 1267FAF31D70AE6B00DA9BD8 /* Wordpress photo awardsTests.xctest */;
			productType = "com.apple.product-type.bundle.unit-test";
		};
		1267FAFD1D70AE6B00DA9BD8 /* Wordpress photo awardsUITests */ = {
			isa = PBXNativeTarget;
			buildConfigurationList = 1267FB0D1D70AE6B00DA9BD8 /* Build configuration list for PBXNativeTarget "Wordpress photo awardsUITests" */;
			buildPhases = (
				CAEEF070E770141A21CA6DA6 /* [CP] Check Pods Manifest.lock */,
				1267FAFA1D70AE6B00DA9BD8 /* Sources */,
				1267FAFB1D70AE6B00DA9BD8 /* Frameworks */,
				1267FAFC1D70AE6B00DA9BD8 /* Resources */,
				921348760A43AB1385732B0C /* [CP] Copy Pods Resources */,
			);
			buildRules = (
			);
			dependencies = (
				1267FB001D70AE6B00DA9BD8 /* PBXTargetDependency */,
			);
			name = "Wordpress photo awardsUITests";
			productName = "Wordpress photo awardsUITests";
			productReference = 1267FAFE1D70AE6B00DA9BD8 /* Wordpress photo awardsUITests.xctest */;
			productType = "com.apple.product-type.bundle.ui-testing";
		};
/* End PBXNativeTarget section */

/* Begin PBXProject section */
		1267FAD71D70AE6A00DA9BD8 /* Project object */ = {
			isa = PBXProject;
			attributes = {
				LastSwiftUpdateCheck = 0730;
				LastUpgradeCheck = 0730;
				ORGANIZATIONNAME = "Mohammed Diaa";
				TargetAttributes = {
					1267FADE1D70AE6A00DA9BD8 = {
						CreatedOnToolsVersion = 7.3.1;
					};
					1267FAF21D70AE6B00DA9BD8 = {
						CreatedOnToolsVersion = 7.3.1;
						TestTargetID = 1267FADE1D70AE6A00DA9BD8;
					};
					1267FAFD1D70AE6B00DA9BD8 = {
						CreatedOnToolsVersion = 7.3.1;
						TestTargetID = 1267FADE1D70AE6A00DA9BD8;
					};
				};
			};
			buildConfigurationList = 1267FADA1D70AE6A00DA9BD8 /* Build configuration list for PBXProject "Wordpress photo awards" */;
			compatibilityVersion = "Xcode 3.2";
			developmentRegion = English;
			hasScannedForEncodings = 0;
			knownRegions = (
				en,
				Base,
			);
			mainGroup = 1267FAD61D70AE6A00DA9BD8;
			productRefGroup = 1267FAE01D70AE6A00DA9BD8 /* Products */;
			projectDirPath = "";
			projectRoot = "";
			targets = (
				1267FADE1D70AE6A00DA9BD8 /* Wordpress photo awards */,
				1267FAF21D70AE6B00DA9BD8 /* Wordpress photo awardsTests */,
				1267FAFD1D70AE6B00DA9BD8 /* Wordpress photo awardsUITests */,
			);
		};
/* End PBXProject section */

/* Begin PBXResourcesBuildPhase section */
		1267FADD1D70AE6A00DA9BD8 /* Resources */ = {
			isa = PBXResourcesBuildPhase;
			buildActionMask = 2147483647;
			files = (
				1267FAED1D70AE6A00DA9BD8 /* LaunchScreen.storyboard in Resources */,
				D9E735D61D78A9B20018C1A9 /* PhotoTableViewHeader.xib in Resources */,
				1267FAEA1D70AE6A00DA9BD8 /* Assets.xcassets in Resources */,
				D9E735D41D78A9720018C1A9 /* PhotoTableViewCell.xib in Resources */,
				1267FAE81D70AE6A00DA9BD8 /* Main.storyboard in Resources */,
				1267FB1B1D70B72500DA9BD8 /* MainViewController.xib in Resources */,
			);
			runOnlyForDeploymentPostprocessing = 0;
		};
		1267FAF11D70AE6B00DA9BD8 /* Resources */ = {
			isa = PBXResourcesBuildPhase;
			buildActionMask = 2147483647;
			files = (
			);
			runOnlyForDeploymentPostprocessing = 0;
		};
		1267FAFC1D70AE6B00DA9BD8 /* Resources */ = {
			isa = PBXResourcesBuildPhase;
			buildActionMask = 2147483647;
			files = (
			);
			runOnlyForDeploymentPostprocessing = 0;
		};
/* End PBXResourcesBuildPhase section */

/* Begin PBXShellScriptBuildPhase section */
		19C5FBF1FD2036968456A4C9 /* [CP] Check Pods Manifest.lock */ = {
			isa = PBXShellScriptBuildPhase;
			buildActionMask = 2147483647;
			files = (
			);
			inputPaths = (
			);
			name = "[CP] Check Pods Manifest.lock";
			outputPaths = (
			);
			runOnlyForDeploymentPostprocessing = 0;
			shellPath = /bin/sh;
			shellScript = "diff \"${PODS_ROOT}/../Podfile.lock\" \"${PODS_ROOT}/Manifest.lock\" > /dev/null\nif [[ $? != 0 ]] ; then\n    cat << EOM\nerror: The sandbox is not in sync with the Podfile.lock. Run 'pod install' or update your CocoaPods installation.\nEOM\n    exit 1\nfi\n";
			showEnvVarsInLog = 0;
		};
		34DA0661F1E82C8A24C45860 /* [CP] Embed Pods Frameworks */ = {
			isa = PBXShellScriptBuildPhase;
			buildActionMask = 2147483647;
			files = (
			);
			inputPaths = (
			);
			name = "[CP] Embed Pods Frameworks";
			outputPaths = (
			);
			runOnlyForDeploymentPostprocessing = 0;
			shellPath = /bin/sh;
			shellScript = "\"${SRCROOT}/Pods/Target Support Files/Pods-Wordpress photo awards/Pods-Wordpress photo awards-frameworks.sh\"\n";
			showEnvVarsInLog = 0;
		};
		921348760A43AB1385732B0C /* [CP] Copy Pods Resources */ = {
			isa = PBXShellScriptBuildPhase;
			buildActionMask = 2147483647;
			files = (
			);
			inputPaths = (
			);
			name = "[CP] Copy Pods Resources";
			outputPaths = (
			);
			runOnlyForDeploymentPostprocessing = 0;
			shellPath = /bin/sh;
			shellScript = "\"${SRCROOT}/Pods/Target Support Files/Pods-Wordpress photo awardsUITests/Pods-Wordpress photo awardsUITests-resources.sh\"\n";
			showEnvVarsInLog = 0;
		};
		BAFB7993384F6ACDBDCEBA93 /* [CP] Check Pods Manifest.lock */ = {
			isa = PBXShellScriptBuildPhase;
			buildActionMask = 2147483647;
			files = (
			);
			inputPaths = (
			);
			name = "[CP] Check Pods Manifest.lock";
			outputPaths = (
			);
			runOnlyForDeploymentPostprocessing = 0;
			shellPath = /bin/sh;
			shellScript = "diff \"${PODS_ROOT}/../Podfile.lock\" \"${PODS_ROOT}/Manifest.lock\" > /dev/null\nif [[ $? != 0 ]] ; then\n    cat << EOM\nerror: The sandbox is not in sync with the Podfile.lock. Run 'pod install' or update your CocoaPods installation.\nEOM\n    exit 1\nfi\n";
			showEnvVarsInLog = 0;
		};
		CAEEF070E770141A21CA6DA6 /* [CP] Check Pods Manifest.lock */ = {
			isa = PBXShellScriptBuildPhase;
			buildActionMask = 2147483647;
			files = (
			);
			inputPaths = (
			);
			name = "[CP] Check Pods Manifest.lock";
			outputPaths = (
			);
			runOnlyForDeploymentPostprocessing = 0;
			shellPath = /bin/sh;
			shellScript = "diff \"${PODS_ROOT}/../Podfile.lock\" \"${PODS_ROOT}/Manifest.lock\" > /dev/null\nif [[ $? != 0 ]] ; then\n    cat << EOM\nerror: The sandbox is not in sync with the Podfile.lock. Run 'pod install' or update your CocoaPods installation.\nEOM\n    exit 1\nfi\n";
			showEnvVarsInLog = 0;
		};
		CF55A736A1899E1922B50ED4 /* [CP] Copy Pods Resources */ = {
			isa = PBXShellScriptBuildPhase;
			buildActionMask = 2147483647;
			files = (
			);
			inputPaths = (
			);
			name = "[CP] Copy Pods Resources";
			outputPaths = (
			);
			runOnlyForDeploymentPostprocessing = 0;
			shellPath = /bin/sh;
			shellScript = "\"${SRCROOT}/Pods/Target Support Files/Pods-Wordpress photo awards/Pods-Wordpress photo awards-resources.sh\"\n";
			showEnvVarsInLog = 0;
		};
		DA7437E77CF74008D372A5EB /* [CP] Copy Pods Resources */ = {
			isa = PBXShellScriptBuildPhase;
			buildActionMask = 2147483647;
			files = (
			);
			inputPaths = (
			);
			name = "[CP] Copy Pods Resources";
			outputPaths = (
			);
			runOnlyForDeploymentPostprocessing = 0;
			shellPath = /bin/sh;
			shellScript = "\"${SRCROOT}/Pods/Target Support Files/Pods-Wordpress photo awardsTests/Pods-Wordpress photo awardsTests-resources.sh\"\n";
			showEnvVarsInLog = 0;
		};
		E59B1F1E3BC67F6B2A05ABBB /* [CP] Embed Pods Frameworks */ = {
			isa = PBXShellScriptBuildPhase;
			buildActionMask = 2147483647;
			files = (
			);
			inputPaths = (
			);
			name = "[CP] Embed Pods Frameworks";
			outputPaths = (
			);
			runOnlyForDeploymentPostprocessing = 0;
			shellPath = /bin/sh;
			shellScript = "\"${SRCROOT}/Pods/Target Support Files/Pods-Wordpress photo awardsTests/Pods-Wordpress photo awardsTests-frameworks.sh\"\n";
			showEnvVarsInLog = 0;
		};
/* End PBXShellScriptBuildPhase section */

/* Begin PBXSourcesBuildPhase section */
		1267FADB1D70AE6A00DA9BD8 /* Sources */ = {
			isa = PBXSourcesBuildPhase;
			buildActionMask = 2147483647;
			files = (
				1267FB131D70B0DC00DA9BD8 /* Item.swift in Sources */,
				1267FB111D70B04B00DA9BD8 /* Model.swift in Sources */,
				D9E735D31D78A9720018C1A9 /* PhotoTableViewCell.swift in Sources */,
				1267FAE51D70AE6A00DA9BD8 /* ViewController.swift in Sources */,
				1267FAE31D70AE6A00DA9BD8 /* AppDelegate.swift in Sources */,
				1267FB1A1D70B72500DA9BD8 /* MainViewController.swift in Sources */,
			);
			runOnlyForDeploymentPostprocessing = 0;
		};
		1267FAEF1D70AE6B00DA9BD8 /* Sources */ = {
			isa = PBXSourcesBuildPhase;
			buildActionMask = 2147483647;
			files = (
				1267FAF81D70AE6B00DA9BD8 /* Wordpress_photo_awardsTests.swift in Sources */,
			);
			runOnlyForDeploymentPostprocessing = 0;
		};
		1267FAFA1D70AE6B00DA9BD8 /* Sources */ = {
			isa = PBXSourcesBuildPhase;
			buildActionMask = 2147483647;
			files = (
				1267FB031D70AE6B00DA9BD8 /* Wordpress_photo_awardsUITests.swift in Sources */,
			);
			runOnlyForDeploymentPostprocessing = 0;
		};
/* End PBXSourcesBuildPhase section */

/* Begin PBXTargetDependency section */
		1267FAF51D70AE6B00DA9BD8 /* PBXTargetDependency */ = {
			isa = PBXTargetDependency;
			target = 1267FADE1D70AE6A00DA9BD8 /* Wordpress photo awards */;
			targetProxy = 1267FAF41D70AE6B00DA9BD8 /* PBXContainerItemProxy */;
		};
		1267FB001D70AE6B00DA9BD8 /* PBXTargetDependency */ = {
			isa = PBXTargetDependency;
			target = 1267FADE1D70AE6A00DA9BD8 /* Wordpress photo awards */;
			targetProxy = 1267FAFF1D70AE6B00DA9BD8 /* PBXContainerItemProxy */;
		};
/* End PBXTargetDependency section */

/* Begin PBXVariantGroup section */
		1267FAE61D70AE6A00DA9BD8 /* Main.storyboard */ = {
			isa = PBXVariantGroup;
			children = (
				1267FAE71D70AE6A00DA9BD8 /* Base */,
			);
			name = Main.storyboard;
			sourceTree = "<group>";
		};
		1267FAEB1D70AE6A00DA9BD8 /* LaunchScreen.storyboard */ = {
			isa = PBXVariantGroup;
			children = (
				1267FAEC1D70AE6A00DA9BD8 /* Base */,
			);
			name = LaunchScreen.storyboard;
			sourceTree = "<group>";
		};
/* End PBXVariantGroup section */

/* Begin XCBuildConfiguration section */
		1267FB051D70AE6B00DA9BD8 /* Debug */ = {
			isa = XCBuildConfiguration;
			buildSettings = {
				ALWAYS_SEARCH_USER_PATHS = NO;
				CLANG_ANALYZER_NONNULL = YES;
				CLANG_CXX_LANGUAGE_STANDARD = "gnu++0x";
				CLANG_CXX_LIBRARY = "libc++";
				CLANG_ENABLE_MODULES = YES;
				CLANG_ENABLE_OBJC_ARC = YES;
				CLANG_WARN_BOOL_CONVERSION = YES;
				CLANG_WARN_CONSTANT_CONVERSION = YES;
				CLANG_WARN_DIRECT_OBJC_ISA_USAGE = YES_ERROR;
				CLANG_WARN_EMPTY_BODY = YES;
				CLANG_WARN_ENUM_CONVERSION = YES;
				CLANG_WARN_INT_CONVERSION = YES;
				CLANG_WARN_OBJC_ROOT_CLASS = YES_ERROR;
				CLANG_WARN_UNREACHABLE_CODE = YES;
				CLANG_WARN__DUPLICATE_METHOD_MATCH = YES;
				"CODE_SIGN_IDENTITY[sdk=iphoneos*]" = "iPhone Developer";
				COPY_PHASE_STRIP = NO;
				DEBUG_INFORMATION_FORMAT = dwarf;
				ENABLE_STRICT_OBJC_MSGSEND = YES;
				ENABLE_TESTABILITY = YES;
				GCC_C_LANGUAGE_STANDARD = gnu99;
				GCC_DYNAMIC_NO_PIC = NO;
				GCC_NO_COMMON_BLOCKS = YES;
				GCC_OPTIMIZATION_LEVEL = 0;
				GCC_PREPROCESSOR_DEFINITIONS = (
					"DEBUG=1",
					"$(inherited)",
				);
				GCC_WARN_64_TO_32_BIT_CONVERSION = YES;
				GCC_WARN_ABOUT_RETURN_TYPE = YES_ERROR;
				GCC_WARN_UNDECLARED_SELECTOR = YES;
				GCC_WARN_UNINITIALIZED_AUTOS = YES_AGGRESSIVE;
				GCC_WARN_UNUSED_FUNCTION = YES;
				GCC_WARN_UNUSED_VARIABLE = YES;
				IPHONEOS_DEPLOYMENT_TARGET = 9.3;
				MTL_ENABLE_DEBUG_INFO = YES;
				ONLY_ACTIVE_ARCH = YES;
				SDKROOT = iphoneos;
				SWIFT_OPTIMIZATION_LEVEL = "-Onone";
				TARGETED_DEVICE_FAMILY = "1,2";
			};
			name = Debug;
		};
		1267FB061D70AE6B00DA9BD8 /* Release */ = {
			isa = XCBuildConfiguration;
			buildSettings = {
				ALWAYS_SEARCH_USER_PATHS = NO;
				CLANG_ANALYZER_NONNULL = YES;
				CLANG_CXX_LANGUAGE_STANDARD = "gnu++0x";
				CLANG_CXX_LIBRARY = "libc++";
				CLANG_ENABLE_MODULES = YES;
				CLANG_ENABLE_OBJC_ARC = YES;
				CLANG_WARN_BOOL_CONVERSION = YES;
				CLANG_WARN_CONSTANT_CONVERSION = YES;
				CLANG_WARN_DIRECT_OBJC_ISA_USAGE = YES_ERROR;
				CLANG_WARN_EMPTY_BODY = YES;
				CLANG_WARN_ENUM_CONVERSION = YES;
				CLANG_WARN_INT_CONVERSION = YES;
				CLANG_WARN_OBJC_ROOT_CLASS = YES_ERROR;
				CLANG_WARN_UNREACHABLE_CODE = YES;
				CLANG_WARN__DUPLICATE_METHOD_MATCH = YES;
				"CODE_SIGN_IDENTITY[sdk=iphoneos*]" = "iPhone Developer";
				COPY_PHASE_STRIP = NO;
				DEBUG_INFORMATION_FORMAT = "dwarf-with-dsym";
				ENABLE_NS_ASSERTIONS = NO;
				ENABLE_STRICT_OBJC_MSGSEND = YES;
				GCC_C_LANGUAGE_STANDARD = gnu99;
				GCC_NO_COMMON_BLOCKS = YES;
				GCC_WARN_64_TO_32_BIT_CONVERSION = YES;
				GCC_WARN_ABOUT_RETURN_TYPE = YES_ERROR;
				GCC_WARN_UNDECLARED_SELECTOR = YES;
				GCC_WARN_UNINITIALIZED_AUTOS = YES_AGGRESSIVE;
				GCC_WARN_UNUSED_FUNCTION = YES;
				GCC_WARN_UNUSED_VARIABLE = YES;
				IPHONEOS_DEPLOYMENT_TARGET = 9.3;
				MTL_ENABLE_DEBUG_INFO = NO;
				SDKROOT = iphoneos;
				TARGETED_DEVICE_FAMILY = "1,2";
				VALIDATE_PRODUCT = YES;
			};
			name = Release;
		};
		1267FB081D70AE6B00DA9BD8 /* Debug */ = {
			isa = XCBuildConfiguration;
			baseConfigurationReference = E951EECA19C2D06B9C7A10C8 /* Pods-Wordpress photo awards.debug.xcconfig */;
			buildSettings = {
				ASSETCATALOG_COMPILER_APPICON_NAME = AppIcon;
				INFOPLIST_FILE = "Wordpress photo awards/Info.plist";
				LD_RUNPATH_SEARCH_PATHS = "$(inherited) @executable_path/Frameworks";
				PRODUCT_BUNDLE_IDENTIFIER = "com.MD.Wordpress-photo-awards";
				PRODUCT_NAME = "$(TARGET_NAME)";
			};
			name = Debug;
		};
		1267FB091D70AE6B00DA9BD8 /* Release */ = {
			isa = XCBuildConfiguration;
			baseConfigurationReference = 9B95E10303127169B6A948AE /* Pods-Wordpress photo awards.release.xcconfig */;
			buildSettings = {
				ASSETCATALOG_COMPILER_APPICON_NAME = AppIcon;
				INFOPLIST_FILE = "Wordpress photo awards/Info.plist";
				LD_RUNPATH_SEARCH_PATHS = "$(inherited) @executable_path/Frameworks";
				PRODUCT_BUNDLE_IDENTIFIER = "com.MD.Wordpress-photo-awards";
				PRODUCT_NAME = "$(TARGET_NAME)";
			};
			name = Release;
		};
		1267FB0B1D70AE6B00DA9BD8 /* Debug */ = {
			isa = XCBuildConfiguration;
			baseConfigurationReference = 9DAF697B3885E57F5D6E979F /* Pods-Wordpress photo awardsTests.debug.xcconfig */;
			buildSettings = {
				BUNDLE_LOADER = "$(TEST_HOST)";
				INFOPLIST_FILE = "Wordpress photo awardsTests/Info.plist";
				LD_RUNPATH_SEARCH_PATHS = "$(inherited) @executable_path/Frameworks @loader_path/Frameworks";
				PRODUCT_BUNDLE_IDENTIFIER = "com.MD.Wordpress-photo-awardsTests";
				PRODUCT_NAME = "$(TARGET_NAME)";
				TEST_HOST = "$(BUILT_PRODUCTS_DIR)/Wordpress photo awards.app/Wordpress photo awards";
			};
			name = Debug;
		};
		1267FB0C1D70AE6B00DA9BD8 /* Release */ = {
			isa = XCBuildConfiguration;
			baseConfigurationReference = DA6EA835F9C899AEE4ACD4C8 /* Pods-Wordpress photo awardsTests.release.xcconfig */;
			buildSettings = {
				BUNDLE_LOADER = "$(TEST_HOST)";
				INFOPLIST_FILE = "Wordpress photo awardsTests/Info.plist";
				LD_RUNPATH_SEARCH_PATHS = "$(inherited) @executable_path/Frameworks @loader_path/Frameworks";
				PRODUCT_BUNDLE_IDENTIFIER = "com.MD.Wordpress-photo-awardsTests";
				PRODUCT_NAME = "$(TARGET_NAME)";
				TEST_HOST = "$(BUILT_PRODUCTS_DIR)/Wordpress photo awards.app/Wordpress photo awards";
			};
			name = Release;
		};
		1267FB0E1D70AE6B00DA9BD8 /* Debug */ = {
			isa = XCBuildConfiguration;
			baseConfigurationReference = B535DA1298BE77779BF4A200 /* Pods-Wordpress photo awardsUITests.debug.xcconfig */;
			buildSettings = {
				INFOPLIST_FILE = "Wordpress photo awardsUITests/Info.plist";
				LD_RUNPATH_SEARCH_PATHS = "$(inherited) @executable_path/Frameworks @loader_path/Frameworks";
				PRODUCT_BUNDLE_IDENTIFIER = "com.MD.Wordpress-photo-awardsUITests";
				PRODUCT_NAME = "$(TARGET_NAME)";
				TEST_TARGET_NAME = "Wordpress photo awards";
			};
			name = Debug;
		};
		1267FB0F1D70AE6B00DA9BD8 /* Release */ = {
			isa = XCBuildConfiguration;
			baseConfigurationReference = 1E2E8FC6059432C5021E5367 /* Pods-Wordpress photo awardsUITests.release.xcconfig */;
			buildSettings = {
				INFOPLIST_FILE = "Wordpress photo awardsUITests/Info.plist";
				LD_RUNPATH_SEARCH_PATHS = "$(inherited) @executable_path/Frameworks @loader_path/Frameworks";
				PRODUCT_BUNDLE_IDENTIFIER = "com.MD.Wordpress-photo-awardsUITests";
				PRODUCT_NAME = "$(TARGET_NAME)";
				TEST_TARGET_NAME = "Wordpress photo awards";
			};
			name = Release;
		};
/* End XCBuildConfiguration section */

/* Begin XCConfigurationList section */
		1267FADA1D70AE6A00DA9BD8 /* Build configuration list for PBXProject "Wordpress photo awards" */ = {
			isa = XCConfigurationList;
			buildConfigurations = (
				1267FB051D70AE6B00DA9BD8 /* Debug */,
				1267FB061D70AE6B00DA9BD8 /* Release */,
			);
			defaultConfigurationIsVisible = 0;
			defaultConfigurationName = Release;
		};
		1267FB071D70AE6B00DA9BD8 /* Build configuration list for PBXNativeTarget "Wordpress photo awards" */ = {
			isa = XCConfigurationList;
			buildConfigurations = (
				1267FB081D70AE6B00DA9BD8 /* Debug */,
				1267FB091D70AE6B00DA9BD8 /* Release */,
			);
			defaultConfigurationIsVisible = 0;
			defaultConfigurationName = Release;
		};
		1267FB0A1D70AE6B00DA9BD8 /* Build configuration list for PBXNativeTarget "Wordpress photo awardsTests" */ = {
			isa = XCConfigurationList;
			buildConfigurations = (
				1267FB0B1D70AE6B00DA9BD8 /* Debug */,
				1267FB0C1D70AE6B00DA9BD8 /* Release */,
			);
			defaultConfigurationIsVisible = 0;
			defaultConfigurationName = Release;
		};
		1267FB0D1D70AE6B00DA9BD8 /* Build configuration list for PBXNativeTarget "Wordpress photo awardsUITests" */ = {
			isa = XCConfigurationList;
			buildConfigurations = (
				1267FB0E1D70AE6B00DA9BD8 /* Debug */,
				1267FB0F1D70AE6B00DA9BD8 /* Release */,
			);
			defaultConfigurationIsVisible = 0;
			defaultConfigurationName = Release;
		};
/* End XCConfigurationList section */
	};
	rootObject = 1267FAD71D70AE6A00DA9BD8 /* Project object */;
}
